
Microsoft Visual Studio Solution File, Format Version 12.00
# Visual Studio Version 17
VisualStudioVersion = 17.7.34031.279
MinimumVisualStudioVersion = 10.0.40219.1
Project("{FAE04EC0-301F-11D3-BF4B-00C04F79EFBC}") = "Exam_Recording_System", "Exam_Recording_System\Exam_Recording_System.csproj", "{CE295667-C164-4155-B767-9821BD8DE214}"
EndProject
Global
	GlobalSection(SolutionConfigurationPlatforms) = preSolution
		Debug|Any CPU = Debug|Any CPU
		Release|Any CPU = Release|Any CPU
	EndGlobalSection
	GlobalSection(ProjectConfigurationPlatforms) = postSolution
		{CE295667-C164-4155-B767-9821BD8DE214}.Debug|Any CPU.ActiveCfg = Debug|Any CPU
		{CE295667-C164-4155-B767-9821BD8DE214}.Debug|Any CPU.Build.0 = Debug|Any CPU
		{CE295667-C164-4155-B767-9821BD8DE214}.Release|Any CPU.ActiveCfg = Release|Any CPU
		{CE295667-C164-4155-B767-9821BD8DE214}.Release|Any CPU.Build.0 = Release|Any CPU
	EndGlobalSection
	GlobalSection(SolutionProperties) = preSolution
		HideSolutionNode = FALSE
	EndGlobalSection
	GlobalSection(ExtensibilityGlobals) = postSolution
		SolutionGuid = {437A9CDB-2968-46CC-9952-FAB4FC7C2048}
	EndGlobalSection
EndGlobal
